
Microsoft Visual Studio Solution File, Format Version 12.00
Project("{FAE04EC0-301F-11D3-BF4B-00C04F79EFBC}") = "Predy", "Predy\Predy.csproj", "{97864706-222D-4753-AE1E-99B128035FB4}"
EndProject
Project("{2150E333-8FDC-42A3-9474-1A3956D46DE8}") = "_Tests", "_Tests", "{3B80471F-5C2E-4A09-9E53-35D5F8D7BBDE}"
EndProject
Project("{FAE04EC0-301F-11D3-BF4B-00C04F79EFBC}") = "Predy.Playground", "Predy.Playground\Predy.Playground.csproj", "{9CC8F7ED-DE38-470F-B646-384C88FD5798}"
EndProject
Global
	GlobalSection(SolutionConfigurationPlatforms) = preSolution
		Debug|Any CPU = Debug|Any CPU
		Release|Any CPU = Release|Any CPU
	EndGlobalSection
	GlobalSection(ProjectConfigurationPlatforms) = postSolution
		{97864706-222D-4753-AE1E-99B128035FB4}.Debug|Any CPU.ActiveCfg = Debug|Any CPU
		{97864706-222D-4753-AE1E-99B128035FB4}.Debug|Any CPU.Build.0 = Debug|Any CPU
		{97864706-222D-4753-AE1E-99B128035FB4}.Release|Any CPU.ActiveCfg = Release|Any CPU
		{97864706-222D-4753-AE1E-99B128035FB4}.Release|Any CPU.Build.0 = Release|Any CPU
		{9CC8F7ED-DE38-470F-B646-384C88FD5798}.Debug|Any CPU.ActiveCfg = Debug|Any CPU
		{9CC8F7ED-DE38-470F-B646-384C88FD5798}.Debug|Any CPU.Build.0 = Debug|Any CPU
		{9CC8F7ED-DE38-470F-B646-384C88FD5798}.Release|Any CPU.ActiveCfg = Release|Any CPU
		{9CC8F7ED-DE38-470F-B646-384C88FD5798}.Release|Any CPU.Build.0 = Release|Any CPU
	EndGlobalSection
	GlobalSection(NestedProjects) = preSolution
		{9CC8F7ED-DE38-470F-B646-384C88FD5798} = {3B80471F-5C2E-4A09-9E53-35D5F8D7BBDE}
	EndGlobalSection
EndGlobal
